
Microsoft Visual Studio Solution File, Format Version 12.00
# Visual Studio Version 16
VisualStudioVersion = 16.0.31025.218
MinimumVisualStudioVersion = 10.0.40219.1
Project("{FAE04EC0-301F-11D3-BF4B-00C04F79EFBC}") = "AadFriendsPickerAPI", "AadFriendsPickerAPI\AadFriendsPickerAPI.csproj", "{ED7BC953-C598-4267-AD5A-B900020701E5}"
EndProject
Global
	GlobalSection(SolutionConfigurationPlatforms) = preSolution
		Debug|Any CPU = Debug|Any CPU
		Release|Any CPU = Release|Any CPU
	EndGlobalSection
	GlobalSection(ProjectConfigurationPlatforms) = postSolution
		{ED7BC953-C598-4267-AD5A-B900020701E5}.Debug|Any CPU.ActiveCfg = Debug|Any CPU
		{ED7BC953-C598-4267-AD5A-B900020701E5}.Debug|Any CPU.Build.0 = Debug|Any CPU
		{ED7BC953-C598-4267-AD5A-B900020701E5}.Release|Any CPU.ActiveCfg = Release|Any CPU
		{ED7BC953-C598-4267-AD5A-B900020701E5}.Release|Any CPU.Build.0 = Release|Any CPU
	EndGlobalSection
	GlobalSection(SolutionProperties) = preSolution
		HideSolutionNode = FALSE
	EndGlobalSection
	GlobalSection(ExtensibilityGlobals) = postSolution
		SolutionGuid = {F2723B6C-E637-45FC-814F-825769D3839F}
	EndGlobalSection
EndGlobal
